
Microsoft Visual Studio Solution File, Format Version 12.00
# Visual Studio 15
VisualStudioVersion = 15.0.28307.136
MinimumVisualStudioVersion = 10.0.40219.1
Project("{FAE04EC0-301F-11D3-BF4B-00C04F79EFBC}") = "APIMetrics22", "APIMetrics22\APIMetrics22.csproj", "{FED69D3C-3251-4D5F-81C6-CD43A8BA8217}"
EndProject
Global
	GlobalSection(SolutionConfigurationPlatforms) = preSolution
		Debug|Any CPU = Debug|Any CPU
		Release|Any CPU = Release|Any CPU
	EndGlobalSection
	GlobalSection(ProjectConfigurationPlatforms) = postSolution
		{FED69D3C-3251-4D5F-81C6-CD43A8BA8217}.Debug|Any CPU.ActiveCfg = Debug|Any CPU
		{FED69D3C-3251-4D5F-81C6-CD43A8BA8217}.Debug|Any CPU.Build.0 = Debug|Any CPU
		{FED69D3C-3251-4D5F-81C6-CD43A8BA8217}.Release|Any CPU.ActiveCfg = Release|Any CPU
		{FED69D3C-3251-4D5F-81C6-CD43A8BA8217}.Release|Any CPU.Build.0 = Release|Any CPU
	EndGlobalSection
	GlobalSection(SolutionProperties) = preSolution
		HideSolutionNode = FALSE
	EndGlobalSection
	GlobalSection(ExtensibilityGlobals) = postSolution
		SolutionGuid = {223AD2E8-56FD-41A7-AE8D-E44D28DD9248}
	EndGlobalSection
EndGlobal
